
Microsoft Visual Studio Solution File, Format Version 12.00
# Visual Studio Version 16
VisualStudioVersion = 16.0.29102.190
MinimumVisualStudioVersion = 10.0.40219.1
Project("{9A19103F-16F7-4668-BE54-9A1E7A4F7556}") = "Puc.Clean.Livraria", "Puc.Clean.Livraria\Puc.Clean.Livraria.csproj", "{83B60080-98A0-49F3-87F9-43E989252F9E}"
EndProject
Project("{9A19103F-16F7-4668-BE54-9A1E7A4F7556}") = "Puc.Clean.Livraria.Application", "Puc.Clean.Livraria.Application\Puc.Clean.Livraria.Application.csproj", "{B1E3EA94-86EB-4BE3-BDEE-4FFD94638BAF}"
EndProject
Project("{FAE04EC0-301F-11D3-BF4B-00C04F79EFBC}") = "Puc.Clean.Livraria.Domain", "Puc.Clean.Livraria.Domain\Puc.Clean.Livraria.Domain.csproj", "{46AD8342-8AB6-41A7-8364-2B76049915D6}"
EndProject
Project("{FAE04EC0-301F-11D3-BF4B-00C04F79EFBC}") = "Puc.Clean.Livraria.Infrastructure", "Puc.Clean.Livraria.Infrastructure\Puc.Clean.Livraria.Infrastructure.csproj", "{12B58F1C-1CB9-493A-A29C-C581C4A602B8}"
EndProject
Global
	GlobalSection(SolutionConfigurationPlatforms) = preSolution
		Debug|Any CPU = Debug|Any CPU
		Release|Any CPU = Release|Any CPU
	EndGlobalSection
	GlobalSection(ProjectConfigurationPlatforms) = postSolution
		{83B60080-98A0-49F3-87F9-43E989252F9E}.Debug|Any CPU.ActiveCfg = Debug|Any CPU
		{83B60080-98A0-49F3-87F9-43E989252F9E}.Debug|Any CPU.Build.0 = Debug|Any CPU
		{83B60080-98A0-49F3-87F9-43E989252F9E}.Release|Any CPU.ActiveCfg = Release|Any CPU
		{83B60080-98A0-49F3-87F9-43E989252F9E}.Release|Any CPU.Build.0 = Release|Any CPU
		{B1E3EA94-86EB-4BE3-BDEE-4FFD94638BAF}.Debug|Any CPU.ActiveCfg = Debug|Any CPU
		{B1E3EA94-86EB-4BE3-BDEE-4FFD94638BAF}.Debug|Any CPU.Build.0 = Debug|Any CPU
		{B1E3EA94-86EB-4BE3-BDEE-4FFD94638BAF}.Release|Any CPU.ActiveCfg = Release|Any CPU
		{B1E3EA94-86EB-4BE3-BDEE-4FFD94638BAF}.Release|Any CPU.Build.0 = Release|Any CPU
		{46AD8342-8AB6-41A7-8364-2B76049915D6}.Debug|Any CPU.ActiveCfg = Debug|Any CPU
		{46AD8342-8AB6-41A7-8364-2B76049915D6}.Debug|Any CPU.Build.0 = Debug|Any CPU
		{46AD8342-8AB6-41A7-8364-2B76049915D6}.Release|Any CPU.ActiveCfg = Release|Any CPU
		{46AD8342-8AB6-41A7-8364-2B76049915D6}.Release|Any CPU.Build.0 = Release|Any CPU
		{12B58F1C-1CB9-493A-A29C-C581C4A602B8}.Debug|Any CPU.ActiveCfg = Debug|Any CPU
		{12B58F1C-1CB9-493A-A29C-C581C4A602B8}.Debug|Any CPU.Build.0 = Debug|Any CPU
		{12B58F1C-1CB9-493A-A29C-C581C4A602B8}.Release|Any CPU.ActiveCfg = Release|Any CPU
		{12B58F1C-1CB9-493A-A29C-C581C4A602B8}.Release|Any CPU.Build.0 = Release|Any CPU
	EndGlobalSection
	GlobalSection(SolutionProperties) = preSolution
		HideSolutionNode = FALSE
	EndGlobalSection
	GlobalSection(ExtensibilityGlobals) = postSolution
		SolutionGuid = {28DBEB5A-3242-4E54-99A6-B3DDFA5A4204}
	EndGlobalSection
EndGlobal
