
Microsoft Visual Studio Solution File, Format Version 12.00
# Visual Studio 15
VisualStudioVersion = 15.0.28307.102
MinimumVisualStudioVersion = 10.0.40219.1
Project("{FAE04EC0-301F-11D3-BF4B-00C04F79EFBC}") = "Puc.Clean.Livraria", "Puc.Clean.Livraria\Puc.Clean.Livraria.csproj", "{83B60080-98A0-49F3-87F9-43E989252F9E}"
EndProject
Project("{FAE04EC0-301F-11D3-BF4B-00C04F79EFBC}") = "Puc.Clean.Livraria.Application", "Puc.Clean.Livraria.Application\Puc.Clean.Livraria.Application.csproj", "{B1E3EA94-86EB-4BE3-BDEE-4FFD94638BAF}"
EndProject
Global
	GlobalSection(SolutionConfigurationPlatforms) = preSolution
		Debug|Any CPU = Debug|Any CPU
		Release|Any CPU = Release|Any CPU
	EndGlobalSection
	GlobalSection(ProjectConfigurationPlatforms) = postSolution
		{83B60080-98A0-49F3-87F9-43E989252F9E}.Debug|Any CPU.ActiveCfg = Debug|Any CPU
		{83B60080-98A0-49F3-87F9-43E989252F9E}.Debug|Any CPU.Build.0 = Debug|Any CPU
		{83B60080-98A0-49F3-87F9-43E989252F9E}.Release|Any CPU.ActiveCfg = Release|Any CPU
		{83B60080-98A0-49F3-87F9-43E989252F9E}.Release|Any CPU.Build.0 = Release|Any CPU
		{B1E3EA94-86EB-4BE3-BDEE-4FFD94638BAF}.Debug|Any CPU.ActiveCfg = Debug|Any CPU
		{B1E3EA94-86EB-4BE3-BDEE-4FFD94638BAF}.Debug|Any CPU.Build.0 = Debug|Any CPU
		{B1E3EA94-86EB-4BE3-BDEE-4FFD94638BAF}.Release|Any CPU.ActiveCfg = Release|Any CPU
		{B1E3EA94-86EB-4BE3-BDEE-4FFD94638BAF}.Release|Any CPU.Build.0 = Release|Any CPU
	EndGlobalSection
	GlobalSection(SolutionProperties) = preSolution
		HideSolutionNode = FALSE
	EndGlobalSection
	GlobalSection(ExtensibilityGlobals) = postSolution
		SolutionGuid = {28DBEB5A-3242-4E54-99A6-B3DDFA5A4204}
	EndGlobalSection
EndGlobal
